
Microsoft Visual Studio Solution File, Format Version 12.00
# Visual Studio Version 17
VisualStudioVersion = 17.7.34202.233
MinimumVisualStudioVersion = 10.0.40219.1
Project("{9A19103F-16F7-4668-BE54-9A1E7A4F7556}") = "ShopProjectAPI", "ShopProjectAPI\ShopProjectAPI.csproj", "{EEC157B5-954F-4755-A14B-528B2211E500}"
EndProject
Project("{9A19103F-16F7-4668-BE54-9A1E7A4F7556}") = "ShopProjectExternalModel", "ShopProjectExternalModel\ShopProjectExternalModel.csproj", "{873DE79D-4ADA-4DF8-A53D-85F1DCCB261C}"
EndProject
Project("{9A19103F-16F7-4668-BE54-9A1E7A4F7556}") = "ShopProjectAPP", "ShopProjectAPP\ShopProjectAPP.csproj", "{B3DD6603-321C-4D58-9C9F-43E4F56F965E}"
EndProject
Global
	GlobalSection(SolutionConfigurationPlatforms) = preSolution
		Debug|Any CPU = Debug|Any CPU
		Release|Any CPU = Release|Any CPU
	EndGlobalSection
	GlobalSection(ProjectConfigurationPlatforms) = postSolution
		{EEC157B5-954F-4755-A14B-528B2211E500}.Debug|Any CPU.ActiveCfg = Debug|Any CPU
		{EEC157B5-954F-4755-A14B-528B2211E500}.Debug|Any CPU.Build.0 = Debug|Any CPU
		{EEC157B5-954F-4755-A14B-528B2211E500}.Release|Any CPU.ActiveCfg = Release|Any CPU
		{EEC157B5-954F-4755-A14B-528B2211E500}.Release|Any CPU.Build.0 = Release|Any CPU
		{873DE79D-4ADA-4DF8-A53D-85F1DCCB261C}.Debug|Any CPU.ActiveCfg = Debug|Any CPU
		{873DE79D-4ADA-4DF8-A53D-85F1DCCB261C}.Debug|Any CPU.Build.0 = Debug|Any CPU
		{873DE79D-4ADA-4DF8-A53D-85F1DCCB261C}.Release|Any CPU.ActiveCfg = Release|Any CPU
		{873DE79D-4ADA-4DF8-A53D-85F1DCCB261C}.Release|Any CPU.Build.0 = Release|Any CPU
	EndGlobalSection
	GlobalSection(SolutionProperties) = preSolution
		HideSolutionNode = FALSE
	EndGlobalSection
	GlobalSection(ExtensibilityGlobals) = postSolution
		SolutionGuid = {B7195C4A-5842-48E3-8552-39A693AA47CD}
	EndGlobalSection
EndGlobal
